
Microsoft Visual Studio Solution File, Format Version 12.00
# Visual Studio Version 16
VisualStudioVersion = 16.0.29102.190
MinimumVisualStudioVersion = 10.0.40219.1
Project("{9A19103F-16F7-4668-BE54-9A1E7A4F7556}") = "To.AtNinjas.AppInit", "To.AtNinjas.AppInit\To.AtNinjas.AppInit.csproj", "{24D19C48-7DAC-44C1-94F2-BCDB4C87E172}"
EndProject
Project("{9A19103F-16F7-4668-BE54-9A1E7A4F7556}") = "To.AtNinjas.AppKarenDaemonHF", "To.AtNinjas.AppKarenDaemonHF\To.AtNinjas.AppKarenDaemonHF.csproj", "{A1FAC2FA-3595-4B09-A1F3-10652376236A}"
EndProject
Global
	GlobalSection(SolutionConfigurationPlatforms) = preSolution
		Debug|Any CPU = Debug|Any CPU
		Release|Any CPU = Release|Any CPU
	EndGlobalSection
	GlobalSection(ProjectConfigurationPlatforms) = postSolution
		{24D19C48-7DAC-44C1-94F2-BCDB4C87E172}.Debug|Any CPU.ActiveCfg = Debug|Any CPU
		{24D19C48-7DAC-44C1-94F2-BCDB4C87E172}.Debug|Any CPU.Build.0 = Debug|Any CPU
		{24D19C48-7DAC-44C1-94F2-BCDB4C87E172}.Release|Any CPU.ActiveCfg = Release|Any CPU
		{24D19C48-7DAC-44C1-94F2-BCDB4C87E172}.Release|Any CPU.Build.0 = Release|Any CPU
		{A1FAC2FA-3595-4B09-A1F3-10652376236A}.Debug|Any CPU.ActiveCfg = Debug|Any CPU
		{A1FAC2FA-3595-4B09-A1F3-10652376236A}.Debug|Any CPU.Build.0 = Debug|Any CPU
		{A1FAC2FA-3595-4B09-A1F3-10652376236A}.Release|Any CPU.ActiveCfg = Release|Any CPU
		{A1FAC2FA-3595-4B09-A1F3-10652376236A}.Release|Any CPU.Build.0 = Release|Any CPU
	EndGlobalSection
	GlobalSection(SolutionProperties) = preSolution
		HideSolutionNode = FALSE
	EndGlobalSection
	GlobalSection(ExtensibilityGlobals) = postSolution
		SolutionGuid = {E3428793-1288-4494-AAD1-8DE3382690BD}
	EndGlobalSection
EndGlobal
